
Microsoft Visual Studio Solution File, Format Version 12.00
# Visual Studio Version 16
VisualStudioVersion = 16.0.29905.134
MinimumVisualStudioVersion = 10.0.40219.1
Project("{FAE04EC0-301F-11D3-BF4B-00C04F79EFBC}") = "WebProject", "WebProject\WebProject.csproj", "{7606244C-3597-4314-BE81-F73B8B1DFAEF}"
EndProject
Global
	GlobalSection(SolutionConfigurationPlatforms) = preSolution
		Debug|Any CPU = Debug|Any CPU
		Release|Any CPU = Release|Any CPU
	EndGlobalSection
	GlobalSection(ProjectConfigurationPlatforms) = postSolution
		{7606244C-3597-4314-BE81-F73B8B1DFAEF}.Debug|Any CPU.ActiveCfg = Debug|Any CPU
		{7606244C-3597-4314-BE81-F73B8B1DFAEF}.Debug|Any CPU.Build.0 = Debug|Any CPU
		{7606244C-3597-4314-BE81-F73B8B1DFAEF}.Release|Any CPU.ActiveCfg = Release|Any CPU
		{7606244C-3597-4314-BE81-F73B8B1DFAEF}.Release|Any CPU.Build.0 = Release|Any CPU
	EndGlobalSection
	GlobalSection(SolutionProperties) = preSolution
		HideSolutionNode = FALSE
	EndGlobalSection
	GlobalSection(ExtensibilityGlobals) = postSolution
		SolutionGuid = {0CBAE524-AB73-4CBB-A0D1-CC92FFC326BB}
	EndGlobalSection
EndGlobal
